
Microsoft Visual Studio Solution File, Format Version 12.00
# Visual Studio 15
VisualStudioVersion = 15.0.27004.2005
MinimumVisualStudioVersion = 10.0.40219.1
Project("{888888A0-9F3D-457C-B088-3A5042F75D52}") = "SudokuVerifier", "SudokuVerifier\SudokuVerifier.pyproj", "{6ADD27F1-8E32-4EFC-88B7-5D92C0193231}"
EndProject
Global
	GlobalSection(SolutionConfigurationPlatforms) = preSolution
		Debug|Any CPU = Debug|Any CPU
		Release|Any CPU = Release|Any CPU
	EndGlobalSection
	GlobalSection(ProjectConfigurationPlatforms) = postSolution
		{6ADD27F1-8E32-4EFC-88B7-5D92C0193231}.Debug|Any CPU.ActiveCfg = Debug|Any CPU
		{6ADD27F1-8E32-4EFC-88B7-5D92C0193231}.Release|Any CPU.ActiveCfg = Release|Any CPU
	EndGlobalSection
	GlobalSection(SolutionProperties) = preSolution
		HideSolutionNode = FALSE
	EndGlobalSection
	GlobalSection(ExtensibilityGlobals) = postSolution
		SolutionGuid = {D3D3EA81-7430-4985-8EAC-786E216847E5}
	EndGlobalSection
EndGlobal
